{
  "name": "ormi",
  "version": "1.0.0",
  "lockfileVersion": 2,
  "requires": true,
  "packages": {
    "": {
      "name": "ormi",
      "version": "1.0.0",
      "license": "ISC",
      "dependencies": {
        "idb": "^8.0.0"
      }
    },
    "node_modules/idb": {
      "version": "8.0.4",
      "resolved": "https://registry.npmjs.org/idb/-/idb-8.0.4.tgz",
      "integrity": "sha512-jd0ITCrN+Zah4J7R/Z2jnR3W7A4BXDAjmo62MwWuSjxCiueUAf7X5rbodEdidWzeknwXHmLpdZkoiiCppNi30Q=="
    }
  },
  "dependencies": {
    "idb": {
      "version": "8.0.4",
      "resolved": "https://registry.npmjs.org/idb/-/idb-8.0.4.tgz",
      "integrity": "sha512-jd0ITCrN+Zah4J7R/Z2jnR3W7A4BXDAjmo62MwWuSjxCiueUAf7X5rbodEdidWzeknwXHmLpdZkoiiCppNi30Q=="
    }
  }
}
