{
  "name": "ormi",
  "version": "1.0.0",
  "lockfileVersion": 1,
  "requires": true,
  "dependencies": {
    "idb": {
      "version": "5.0.8",
      "resolved": "https://registry.npmjs.org/idb/-/idb-5.0.8.tgz",
      "integrity": "sha512-K9xInRkVbT3ZsYimD2KVj6B4E93IBvOjEQTryu99WuuN7G+7x3SzA79+yubbX0QRN9V64Gi+L+ulG5QYTVydOg=="
    }
  }
}
